{
    "_readme": [
        "This file locks the dependencies of your project to a known state",
        "Read more about it at https://getcomposer.org/doc/01-basic-usage.md#installing-dependencies",
        "This file is @generated automatically"
    ],
    "content-hash": "0d9066c9481ee687faf19565b08ea3fd",
    "packages": [
        {
            "name": "components/font-awesome",
            "version": "6.5.2",
            "source": {
                "type": "git",
                "url": "https://github.com/components/font-awesome.git",
                "reference": "399200378d29bacb524c0e19318ea5ff5d74aa7f"
            },
            "dist": {
                "type": "zip",
                "url": "https://api.github.com/repos/components/font-awesome/zipball/399200378d29bacb524c0e19318ea5ff5d74aa7f",
                "reference": "399200378d29bacb524c0e19318ea5ff5d74aa7f",
                "shasum": ""
            },
            "type": "component",
            "extra": {
                "component": {
                    "styles": [
                        "css/all.css"
                    ],
                    "files": [
                        "css/all.min.css",
                        "webfonts/*"
                    ]
                }
            },
            "notification-url": "https://packagist.org/downloads/",
            "license": [
                "CC-BY-4.0",
                "MIT",
                "OFL-1.1"
            ],
            "description": "Font Awesome, the iconic SVG, font, and CSS framework.",
            "support": {
                "issues": "https://github.com/components/font-awesome/issues",
                "source": "https://github.com/components/font-awesome/tree/6.5.2"
            },
            "time": "2024-04-08T15:15:22+00:00"
        },
        {
            "name": "components/jquery",
            "version": "v3.7.1",
            "source": {
                "type": "git",
                "url": "https://github.com/components/jquery.git",
                "reference": "8edc7785239bb8c2ad2b83302b856a1d61de60e7"
            },
            "dist": {
                "type": "zip",
                "url": "https://api.github.com/repos/components/jquery/zipball/8edc7785239bb8c2ad2b83302b856a1d61de60e7",
                "reference": "8edc7785239bb8c2ad2b83302b856a1d61de60e7",
                "shasum": ""
            },
            "type": "component",
            "extra": {
                "component": {
                    "scripts": [
                        "jquery.js"
                    ],
                    "files": [
                        "jquery.min.js",
                        "jquery.min.map",
                        "jquery.slim.js",
                        "jquery.slim.min.js",
                        "jquery.slim.min.map"
                    ]
                }
            },
            "notification-url": "https://packagist.org/downloads/",
            "license": [
                "MIT"
            ],
            "authors": [
                {
                    "name": "JS Foundation and other contributors"
                }
            ],
            "description": "jQuery JavaScript Library",
            "homepage": "http://jquery.com",
            "support": {
                "forum": "http://forum.jquery.com",
                "irc": "irc://irc.freenode.org/jquery",
                "issues": "https://github.com/jquery/jquery/issues",
                "source": "https://github.com/jquery/jquery",
                "wiki": "http://docs.jquery.com/"
            },
            "time": "2023-09-22T01:43:46+00:00"
        },
        {
            "name": "components/masonry",
            "version": "4.2.0",
            "source": {
                "type": "git",
                "url": "https://github.com/components/masonry.git",
                "reference": "b43b7a0771c85ad5fd49f3b0fac86f804b228ec8"
            },
            "dist": {
                "type": "zip",
                "url": "https://api.github.com/repos/components/masonry/zipball/b43b7a0771c85ad5fd49f3b0fac86f804b228ec8",
                "reference": "b43b7a0771c85ad5fd49f3b0fac86f804b228ec8",
                "shasum": ""
            },
            "type": "component",
            "extra": {
                "component": {
                    "main": "masonry.pkgd.js",
                    "scripts": [
                        "masonry.pkgd.js"
                    ],
                    "files": [
                        "masonry.pkgd.min.js"
                    ],
                    "shim": {
                        "exports": "Masonry"
                    }
                }
            },
            "notification-url": "https://packagist.org/downloads/",
            "license": [
                "MIT"
            ],
            "authors": [
                {
                    "name": "David DeSandro",
                    "homepage": "http://desandro.com"
                }
            ],
            "description": "Cascading grid layout library",
            "homepage": "http://masonry.desandro.com",
            "support": {
                "issues": "https://github.com/desandro/masonry/issues",
                "source": "https://github.com/desandro/masonry"
            },
            "time": "2017-06-21T13:27:13+00:00"
        },
        {
            "name": "twbs/bootstrap",
            "version": "v5.3.3",
            "source": {
                "type": "git",
                "url": "https://github.com/twbs/bootstrap.git",
                "reference": "6e1f75f420f68e1d52733b8e407fc7c3766c9dba"
            },
            "dist": {
                "type": "zip",
                "url": "https://api.github.com/repos/twbs/bootstrap/zipball/6e1f75f420f68e1d52733b8e407fc7c3766c9dba",
                "reference": "6e1f75f420f68e1d52733b8e407fc7c3766c9dba",
                "shasum": ""
            },
            "replace": {
                "twitter/bootstrap": "self.version"
            },
            "type": "library",
            "notification-url": "https://packagist.org/downloads/",
            "license": [
                "MIT"
            ],
            "authors": [
                {
                    "name": "Mark Otto",
                    "email": "markdotto@gmail.com"
                },
                {
                    "name": "Jacob Thornton",
                    "email": "jacobthornton@gmail.com"
                }
            ],
            "description": "The most popular front-end framework for developing responsive, mobile first projects on the web.",
            "homepage": "https://getbootstrap.com/",
            "keywords": [
                "JS",
                "css",
                "framework",
                "front-end",
                "mobile-first",
                "responsive",
                "sass",
                "web"
            ],
            "support": {
                "issues": "https://github.com/twbs/bootstrap/issues",
                "source": "https://github.com/twbs/bootstrap/tree/v5.3.3"
            },
            "time": "2024-02-20T15:14:29+00:00"
        }
    ],
    "packages-dev": [],
    "aliases": [],
    "minimum-stability": "stable",
    "stability-flags": [],
    "prefer-stable": false,
    "prefer-lowest": false,
    "platform": [],
    "platform-dev": [],
    "plugin-api-version": "2.6.0"
}
